
Microsoft Visual Studio Solution File, Format Version 12.00
# Visual Studio Version 17
VisualStudioVersion = 17.3.32929.385
MinimumVisualStudioVersion = 10.0.40219.1
Project("{9A19103F-16F7-4668-BE54-9A1E7A4F7556}") = "NAVA_MVP1", "NAVA_MVP1\NAVA_MVP1.csproj", "{63519FA3-2980-4DD7-A337-C9085AC1551D}"
EndProject
Global
	GlobalSection(SolutionConfigurationPlatforms) = preSolution
		Debug|Any CPU = Debug|Any CPU
		Release|Any CPU = Release|Any CPU
	EndGlobalSection
	GlobalSection(ProjectConfigurationPlatforms) = postSolution
		{63519FA3-2980-4DD7-A337-C9085AC1551D}.Debug|Any CPU.ActiveCfg = Debug|Any CPU
		{63519FA3-2980-4DD7-A337-C9085AC1551D}.Debug|Any CPU.Build.0 = Debug|Any CPU
		{63519FA3-2980-4DD7-A337-C9085AC1551D}.Release|Any CPU.ActiveCfg = Release|Any CPU
		{63519FA3-2980-4DD7-A337-C9085AC1551D}.Release|Any CPU.Build.0 = Release|Any CPU
	EndGlobalSection
	GlobalSection(SolutionProperties) = preSolution
		HideSolutionNode = FALSE
	EndGlobalSection
	GlobalSection(ExtensibilityGlobals) = postSolution
		SolutionGuid = {9A6411EC-6CFD-428F-8A06-1731F957603C}
	EndGlobalSection
EndGlobal
